// !$*UTF8*$!
{
	archiveVersion = 1;
	classes = {
	};
	objectVersion = 50;
	objects = {

/* Begin PBXFileReference section */
		070573562618930400D9EE57 /* main.py */ = {isa = PBXFileReference; lastKnownFileType = text.script.python; path = main.py; sourceTree = "<group>"; };
		0777E08C260B860E004C1FF3 /* README.md */ = {isa = PBXFileReference; lastKnownFileType = net.daringfireball.markdown; path = README.md; sourceTree = "<group>"; };
/* End PBXFileReference section */

/* Begin PBXGroup section */
		0777E085260B849E004C1FF3 = {
			isa = PBXGroup;
			children = (
				0777E08C260B860E004C1FF3 /* README.md */,
				070573562618930400D9EE57 /* main.py */,
			);
			sourceTree = "<group>";
		};
/* End PBXGroup section */

/* Begin PBXProject section */
		0777E086260B849E004C1FF3 /* Project object */ = {
			isa = PBXProject;
			attributes = {
				LastUpgradeCheck = 1240;
			};
			buildConfigurationList = 0777E089260B849E004C1FF3 /* Build configuration list for PBXProject "sketchbook" */;
			compatibilityVersion = "Xcode 9.3";
			developmentRegion = en;
			hasScannedForEncodings = 0;
			knownRegions = (
				en,
				Base,
			);
			mainGroup = 0777E085260B849E004C1FF3;
			projectDirPath = "";
			projectRoot = "";
			targets = (
			);
		};
/* End PBXProject section */

/* Begin XCBuildConfiguration section */
		0777E08A260B849E004C1FF3 /* Debug */ = {
			isa = XCBuildConfiguration;
			buildSettings = {
			};
			name = Debug;
		};
		0777E08B260B849E004C1FF3 /* Release */ = {
			isa = XCBuildConfiguration;
			buildSettings = {
			};
			name = Release;
		};
/* End XCBuildConfiguration section */

/* Begin XCConfigurationList section */
		0777E089260B849E004C1FF3 /* Build configuration list for PBXProject "sketchbook" */ = {
			isa = XCConfigurationList;
			buildConfigurations = (
				0777E08A260B849E004C1FF3 /* Debug */,
				0777E08B260B849E004C1FF3 /* Release */,
			);
			defaultConfigurationIsVisible = 0;
			defaultConfigurationName = Release;
		};
/* End XCConfigurationList section */
	};
	rootObject = 0777E086260B849E004C1FF3 /* Project object */;
}
